// !$*UTF8*$!
{
	archiveVersion = 1;
	classes = {
	};
	objectVersion = 46;
	objects = {

/* Begin PBXBuildFile section */
		7D1F122E1EE7A82100078441 /* GameViewController.swift in Sources */ = {isa = PBXBuildFile; fileRef = 7D1F122D1EE7A82100078441 /* GameViewController.swift */; };
		7D1F12301EE7C66E00078441 /* Block.swift in Sources */ = {isa = PBXBuildFile; fileRef = 7D1F122F1EE7C66E00078441 /* Block.swift */; };
		7D1F12321EE8272200078441 /* StatsViewController.swift in Sources */ = {isa = PBXBuildFile; fileRef = 7D1F12311EE8272200078441 /* StatsViewController.swift */; };
		7D1F12341EE8273100078441 /* CreditsViewController.swift in Sources */ = {isa = PBXBuildFile; fileRef = 7D1F12331EE8273100078441 /* CreditsViewController.swift */; };
		7D8409391EE0BB2D0041E4DA /* AppDelegate.swift in Sources */ = {isa = PBXBuildFile; fileRef = 7D8409381EE0BB2D0041E4DA /* AppDelegate.swift */; };
		7D84093B1EE0BB2D0041E4DA /* GameScene.sks in Resources */ = {isa = PBXBuildFile; fileRef = 7D84093A1EE0BB2D0041E4DA /* GameScene.sks */; };
		7D84093F1EE0BB2D0041E4DA /* GameScene.swift in Sources */ = {isa = PBXBuildFile; fileRef = 7D84093E1EE0BB2D0041E4DA /* GameScene.swift */; };
		7D8409411EE0BB2D0041E4DA /* MainViewController.swift in Sources */ = {isa = PBXBuildFile; fileRef = 7D8409401EE0BB2D0041E4DA /* MainViewController.swift */; };
		7D8409441EE0BB2D0041E4DA /* Main.storyboard in Resources */ = {isa = PBXBuildFile; fileRef = 7D8409421EE0BB2D0041E4DA /* Main.storyboard */; };
		7D8409461EE0BB2D0041E4DA /* Assets.xcassets in Resources */ = {isa = PBXBuildFile; fileRef = 7D8409451EE0BB2D0041E4DA /* Assets.xcassets */; };
		7D8409491EE0BB2D0041E4DA /* LaunchScreen.storyboard in Resources */ = {isa = PBXBuildFile; fileRef = 7D8409471EE0BB2D0041E4DA /* LaunchScreen.storyboard */; };
		7D862A791F080E6C0078BF53 /* popSound.m4a in Resources */ = {isa = PBXBuildFile; fileRef = 7DB52F311EE8420900A2C526 /* popSound.m4a */; };
		7D862A7D1F0818050078BF53 /* blockScale.m4a in Resources */ = {isa = PBXBuildFile; fileRef = 7D862A7B1F0818010078BF53 /* blockScale.m4a */; };
		7D862A7E1F0818070078BF53 /* buttonBack.m4a in Resources */ = {isa = PBXBuildFile; fileRef = 7D862A7A1F0818010078BF53 /* buttonBack.m4a */; };
		7D862A7F1F08180A0078BF53 /* buttonForward.m4a in Resources */ = {isa = PBXBuildFile; fileRef = 7D862A7C1F0818010078BF53 /* buttonForward.m4a */; };
		7D8B01721EFF2392006465B0 /* StoreKit.framework in Frameworks */ = {isa = PBXBuildFile; fileRef = 7D8B01711EFF2392006465B0 /* StoreKit.framework */; };
		7D8B899E1EEC0879002BFC9E /* timeSound.m4a in Resources */ = {isa = PBXBuildFile; fileRef = 7D8B899D1EEC086D002BFC9E /* timeSound.m4a */; };
		7D8B89A21EEC0B33002BFC9E /* timeSound_Y.m4a in Resources */ = {isa = PBXBuildFile; fileRef = 7D8B899F1EEC0B24002BFC9E /* timeSound_Y.m4a */; };
		7D8B89A31EEC0B33002BFC9E /* timeSound_O.m4a in Resources */ = {isa = PBXBuildFile; fileRef = 7D8B89A11EEC0B24002BFC9E /* timeSound_O.m4a */; };
		7D8B89A41EEC0B33002BFC9E /* timeSound_R.m4a in Resources */ = {isa = PBXBuildFile; fileRef = 7D8B89A01EEC0B24002BFC9E /* timeSound_R.m4a */; };
		7D8B89A61EEC115C002BFC9E /* Icon240.png in Resources */ = {isa = PBXBuildFile; fileRef = 7D8B89A51EEC115C002BFC9E /* Icon240.png */; };
		7D8E2EC31F087A2E003D7438 /* shuffleSound.m4a in Resources */ = {isa = PBXBuildFile; fileRef = 7D8E2EC11F087A27003D7438 /* shuffleSound.m4a */; };
		7D8E2EC41F087A34003D7438 /* shuffleSound2.m4a in Resources */ = {isa = PBXBuildFile; fileRef = 7D8E2EC21F087A28003D7438 /* shuffleSound2.m4a */; };
		7D9130301EF32AB20081D000 /* popSound2.m4a in Resources */ = {isa = PBXBuildFile; fileRef = 7D8B899A1EEC0594002BFC9E /* popSound2.m4a */; };
		7D9F20CC1EF1D38A00FFEEF0 /* GKTrafficHandler.swift in Sources */ = {isa = PBXBuildFile; fileRef = 7D9F20CB1EF1D38A00FFEEF0 /* GKTrafficHandler.swift */; };
		7DBABA871F281CCF0045FE8B /* GoogleMobileAds.framework in Frameworks */ = {isa = PBXBuildFile; fileRef = 7DBABA861F281CCB0045FE8B /* GoogleMobileAds.framework */; };
		7DDB1E511EF25A0900975C9E /* GameKit.framework in Frameworks */ = {isa = PBXBuildFile; fileRef = 7DDB1E501EF25A0900975C9E /* GameKit.framework */; };
		7DDB1E521EF2663A00975C9E /* timeSound_B.m4a in Resources */ = {isa = PBXBuildFile; fileRef = 7D0880DA1EEDD38800F393F5 /* timeSound_B.m4a */; };
/* End PBXBuildFile section */

/* Begin PBXFileReference section */
		7D0880DA1EEDD38800F393F5 /* timeSound_B.m4a */ = {isa = PBXFileReference; lastKnownFileType = file; path = timeSound_B.m4a; sourceTree = "<group>"; };
		7D1F122D1EE7A82100078441 /* GameViewController.swift */ = {isa = PBXFileReference; fileEncoding = 4; lastKnownFileType = sourcecode.swift; path = GameViewController.swift; sourceTree = "<group>"; };
		7D1F122F1EE7C66E00078441 /* Block.swift */ = {isa = PBXFileReference; fileEncoding = 4; lastKnownFileType = sourcecode.swift; path = Block.swift; sourceTree = "<group>"; };
		7D1F12311EE8272200078441 /* StatsViewController.swift */ = {isa = PBXFileReference; fileEncoding = 4; lastKnownFileType = sourcecode.swift; path = StatsViewController.swift; sourceTree = "<group>"; };
		7D1F12331EE8273100078441 /* CreditsViewController.swift */ = {isa = PBXFileReference; fileEncoding = 4; lastKnownFileType = sourcecode.swift; path = CreditsViewController.swift; sourceTree = "<group>"; };
		7D8409351EE0BB2D0041E4DA /* Pop Blocks.app */ = {isa = PBXFileReference; explicitFileType = wrapper.application; includeInIndex = 0; path = "Pop Blocks.app"; sourceTree = BUILT_PRODUCTS_DIR; };
		7D8409381EE0BB2D0041E4DA /* AppDelegate.swift */ = {isa = PBXFileReference; lastKnownFileType = sourcecode.swift; path = AppDelegate.swift; sourceTree = "<group>"; };
		7D84093A1EE0BB2D0041E4DA /* GameScene.sks */ = {isa = PBXFileReference; lastKnownFileType = file.sks; path = GameScene.sks; sourceTree = "<group>"; };
		7D84093E1EE0BB2D0041E4DA /* GameScene.swift */ = {isa = PBXFileReference; lastKnownFileType = sourcecode.swift; path = GameScene.swift; sourceTree = "<group>"; };
		7D8409401EE0BB2D0041E4DA /* MainViewController.swift */ = {isa = PBXFileReference; lastKnownFileType = sourcecode.swift; path = MainViewController.swift; sourceTree = "<group>"; };
		7D8409431EE0BB2D0041E4DA /* Base */ = {isa = PBXFileReference; lastKnownFileType = file.storyboard; name = Base; path = Base.lproj/Main.storyboard; sourceTree = "<group>"; };
		7D8409451EE0BB2D0041E4DA /* Assets.xcassets */ = {isa = PBXFileReference; lastKnownFileType = folder.assetcatalog; path = Assets.xcassets; sourceTree = "<group>"; };
		7D8409481EE0BB2D0041E4DA /* Base */ = {isa = PBXFileReference; lastKnownFileType = file.storyboard; name = Base; path = Base.lproj/LaunchScreen.storyboard; sourceTree = "<group>"; };
		7D84094A1EE0BB2D0041E4DA /* Info.plist */ = {isa = PBXFileReference; lastKnownFileType = text.plist.xml; path = Info.plist; sourceTree = "<group>"; };
		7D862A7A1F0818010078BF53 /* buttonBack.m4a */ = {isa = PBXFileReference; lastKnownFileType = file; name = buttonBack.m4a; path = ../../../../Downloads/buttonBack.m4a; sourceTree = "<group>"; };
		7D862A7B1F0818010078BF53 /* blockScale.m4a */ = {isa = PBXFileReference; lastKnownFileType = file; name = blockScale.m4a; path = ../../../../Downloads/blockScale.m4a; sourceTree = "<group>"; };
		7D862A7C1F0818010078BF53 /* buttonForward.m4a */ = {isa = PBXFileReference; lastKnownFileType = file; name = buttonForward.m4a; path = ../../../../Downloads/buttonForward.m4a; sourceTree = "<group>"; };
		7D8B01711EFF2392006465B0 /* StoreKit.framework */ = {isa = PBXFileReference; lastKnownFileType = wrapper.framework; name = StoreKit.framework; path = System/Library/Frameworks/StoreKit.framework; sourceTree = SDKROOT; };
		7D8B899A1EEC0594002BFC9E /* popSound2.m4a */ = {isa = PBXFileReference; lastKnownFileType = file; path = popSound2.m4a; sourceTree = "<group>"; };
		7D8B899D1EEC086D002BFC9E /* timeSound.m4a */ = {isa = PBXFileReference; lastKnownFileType = file; path = timeSound.m4a; sourceTree = "<group>"; };
		7D8B899F1EEC0B24002BFC9E /* timeSound_Y.m4a */ = {isa = PBXFileReference; lastKnownFileType = file; path = timeSound_Y.m4a; sourceTree = "<group>"; };
		7D8B89A01EEC0B24002BFC9E /* timeSound_R.m4a */ = {isa = PBXFileReference; lastKnownFileType = file; path = timeSound_R.m4a; sourceTree = "<group>"; };
		7D8B89A11EEC0B24002BFC9E /* timeSound_O.m4a */ = {isa = PBXFileReference; lastKnownFileType = file; path = timeSound_O.m4a; sourceTree = "<group>"; };
		7D8B89A51EEC115C002BFC9E /* Icon240.png */ = {isa = PBXFileReference; lastKnownFileType = image.png; path = Icon240.png; sourceTree = "<group>"; };
		7D8E2EC11F087A27003D7438 /* shuffleSound.m4a */ = {isa = PBXFileReference; lastKnownFileType = file; name = shuffleSound.m4a; path = ../../../../Downloads/shuffleSound.m4a; sourceTree = "<group>"; };
		7D8E2EC21F087A28003D7438 /* shuffleSound2.m4a */ = {isa = PBXFileReference; lastKnownFileType = file; name = shuffleSound2.m4a; path = ../../../../Downloads/shuffleSound2.m4a; sourceTree = "<group>"; };
		7D9F20CB1EF1D38A00FFEEF0 /* GKTrafficHandler.swift */ = {isa = PBXFileReference; fileEncoding = 4; lastKnownFileType = sourcecode.swift; path = GKTrafficHandler.swift; sourceTree = "<group>"; };
		7DB52F311EE8420900A2C526 /* popSound.m4a */ = {isa = PBXFileReference; lastKnownFileType = file; path = popSound.m4a; sourceTree = "<group>"; };
		7DBABA861F281CCB0045FE8B /* GoogleMobileAds.framework */ = {isa = PBXFileReference; lastKnownFileType = wrapper.framework; path = GoogleMobileAds.framework; sourceTree = "<group>"; };
		7DDB1E501EF25A0900975C9E /* GameKit.framework */ = {isa = PBXFileReference; lastKnownFileType = wrapper.framework; name = GameKit.framework; path = System/Library/Frameworks/GameKit.framework; sourceTree = SDKROOT; };
/* End PBXFileReference section */

/* Begin PBXFrameworksBuildPhase section */
		7D8409321EE0BB2D0041E4DA /* Frameworks */ = {
			isa = PBXFrameworksBuildPhase;
			buildActionMask = 2147483647;
			files = (
				7DBABA871F281CCF0045FE8B /* GoogleMobileAds.framework in Frameworks */,
				7DDB1E511EF25A0900975C9E /* GameKit.framework in Frameworks */,
				7D8B01721EFF2392006465B0 /* StoreKit.framework in Frameworks */,
			);
			runOnlyForDeploymentPostprocessing = 0;
		};
/* End PBXFrameworksBuildPhase section */

/* Begin PBXGroup section */
		7D84092C1EE0BB2C0041E4DA = {
			isa = PBXGroup;
			children = (
				7D8409371EE0BB2D0041E4DA /* Pop Blocks */,
				7D8409361EE0BB2D0041E4DA /* Products */,
				7D9F20CD1EF1D42400FFEEF0 /* Frameworks */,
			);
			sourceTree = "<group>";
		};
		7D8409361EE0BB2D0041E4DA /* Products */ = {
			isa = PBXGroup;
			children = (
				7D8409351EE0BB2D0041E4DA /* Pop Blocks.app */,
			);
			name = Products;
			sourceTree = "<group>";
		};
		7D8409371EE0BB2D0041E4DA /* Pop Blocks */ = {
			isa = PBXGroup;
			children = (
				7D8409381EE0BB2D0041E4DA /* AppDelegate.swift */,
				7D84093A1EE0BB2D0041E4DA /* GameScene.sks */,
				7D1F122F1EE7C66E00078441 /* Block.swift */,
				7D8409401EE0BB2D0041E4DA /* MainViewController.swift */,
				7D1F12311EE8272200078441 /* StatsViewController.swift */,
				7D1F12331EE8273100078441 /* CreditsViewController.swift */,
				7D1F122D1EE7A82100078441 /* GameViewController.swift */,
				7D84093E1EE0BB2D0041E4DA /* GameScene.swift */,
				7D9F20CB1EF1D38A00FFEEF0 /* GKTrafficHandler.swift */,
				7D8B89A51EEC115C002BFC9E /* Icon240.png */,
				7D8E2EC11F087A27003D7438 /* shuffleSound.m4a */,
				7D8E2EC21F087A28003D7438 /* shuffleSound2.m4a */,
				7D862A7C1F0818010078BF53 /* buttonForward.m4a */,
				7D862A7A1F0818010078BF53 /* buttonBack.m4a */,
				7D862A7B1F0818010078BF53 /* blockScale.m4a */,
				7DB52F311EE8420900A2C526 /* popSound.m4a */,
				7D8B899A1EEC0594002BFC9E /* popSound2.m4a */,
				7D0880DA1EEDD38800F393F5 /* timeSound_B.m4a */,
				7D8B899D1EEC086D002BFC9E /* timeSound.m4a */,
				7D8B899F1EEC0B24002BFC9E /* timeSound_Y.m4a */,
				7D8B89A11EEC0B24002BFC9E /* timeSound_O.m4a */,
				7D8B89A01EEC0B24002BFC9E /* timeSound_R.m4a */,
				7D8409421EE0BB2D0041E4DA /* Main.storyboard */,
				7D8409451EE0BB2D0041E4DA /* Assets.xcassets */,
				7D8409471EE0BB2D0041E4DA /* LaunchScreen.storyboard */,
				7D84094A1EE0BB2D0041E4DA /* Info.plist */,
			);
			path = "Pop Blocks";
			sourceTree = "<group>";
		};
		7D9F20CD1EF1D42400FFEEF0 /* Frameworks */ = {
			isa = PBXGroup;
			children = (
				7DBABA861F281CCB0045FE8B /* GoogleMobileAds.framework */,
				7D8B01711EFF2392006465B0 /* StoreKit.framework */,
				7DDB1E501EF25A0900975C9E /* GameKit.framework */,
			);
			name = Frameworks;
			sourceTree = "<group>";
		};
/* End PBXGroup section */

/* Begin PBXNativeTarget section */
		7D8409341EE0BB2D0041E4DA /* Pop Blocks */ = {
			isa = PBXNativeTarget;
			buildConfigurationList = 7D84094D1EE0BB2D0041E4DA /* Build configuration list for PBXNativeTarget "Pop Blocks" */;
			buildPhases = (
				7D8409311EE0BB2D0041E4DA /* Sources */,
				7D8409321EE0BB2D0041E4DA /* Frameworks */,
				7D8409331EE0BB2D0041E4DA /* Resources */,
			);
			buildRules = (
			);
			dependencies = (
			);
			name = "Pop Blocks";
			productName = "Pop Blocks";
			productReference = 7D8409351EE0BB2D0041E4DA /* Pop Blocks.app */;
			productType = "com.apple.product-type.application";
		};
/* End PBXNativeTarget section */

/* Begin PBXProject section */
		7D84092D1EE0BB2C0041E4DA /* Project object */ = {
			isa = PBXProject;
			attributes = {
				LastSwiftUpdateCheck = 0830;
				LastUpgradeCheck = 0830;
				ORGANIZATIONNAME = "Bryan Mazariegos";
				TargetAttributes = {
					7D8409341EE0BB2D0041E4DA = {
						CreatedOnToolsVersion = 8.3.2;
						DevelopmentTeam = N4MWNVQDSJ;
						ProvisioningStyle = Automatic;
						SystemCapabilities = {
							com.apple.GameCenter = {
								enabled = 1;
							};
							com.apple.InAppPurchase = {
								enabled = 1;
							};
						};
					};
				};
			};
			buildConfigurationList = 7D8409301EE0BB2C0041E4DA /* Build configuration list for PBXProject "Pop Blocks" */;
			compatibilityVersion = "Xcode 3.2";
			developmentRegion = English;
			hasScannedForEncodings = 0;
			knownRegions = (
				en,
				Base,
			);
			mainGroup = 7D84092C1EE0BB2C0041E4DA;
			productRefGroup = 7D8409361EE0BB2D0041E4DA /* Products */;
			projectDirPath = "";
			projectRoot = "";
			targets = (
				7D8409341EE0BB2D0041E4DA /* Pop Blocks */,
			);
		};
/* End PBXProject section */

/* Begin PBXResourcesBuildPhase section */
		7D8409331EE0BB2D0041E4DA /* Resources */ = {
			isa = PBXResourcesBuildPhase;
			buildActionMask = 2147483647;
			files = (
				7D8409441EE0BB2D0041E4DA /* Main.storyboard in Resources */,
				7D8B89A21EEC0B33002BFC9E /* timeSound_Y.m4a in Resources */,
				7D84093B1EE0BB2D0041E4DA /* GameScene.sks in Resources */,
				7D8B89A31EEC0B33002BFC9E /* timeSound_O.m4a in Resources */,
				7D862A791F080E6C0078BF53 /* popSound.m4a in Resources */,
				7D8409461EE0BB2D0041E4DA /* Assets.xcassets in Resources */,
				7D8E2EC31F087A2E003D7438 /* shuffleSound.m4a in Resources */,
				7D862A7D1F0818050078BF53 /* blockScale.m4a in Resources */,
				7D8409491EE0BB2D0041E4DA /* LaunchScreen.storyboard in Resources */,
				7D8B89A41EEC0B33002BFC9E /* timeSound_R.m4a in Resources */,
				7D862A7E1F0818070078BF53 /* buttonBack.m4a in Resources */,
				7D8E2EC41F087A34003D7438 /* shuffleSound2.m4a in Resources */,
				7DDB1E521EF2663A00975C9E /* timeSound_B.m4a in Resources */,
				7D8B89A61EEC115C002BFC9E /* Icon240.png in Resources */,
				7D862A7F1F08180A0078BF53 /* buttonForward.m4a in Resources */,
				7D8B899E1EEC0879002BFC9E /* timeSound.m4a in Resources */,
				7D9130301EF32AB20081D000 /* popSound2.m4a in Resources */,
			);
			runOnlyForDeploymentPostprocessing = 0;
		};
/* End PBXResourcesBuildPhase section */

/* Begin PBXSourcesBuildPhase section */
		7D8409311EE0BB2D0041E4DA /* Sources */ = {
			isa = PBXSourcesBuildPhase;
			buildActionMask = 2147483647;
			files = (
				7D1F122E1EE7A82100078441 /* GameViewController.swift in Sources */,
				7D1F12341EE8273100078441 /* CreditsViewController.swift in Sources */,
				7D84093F1EE0BB2D0041E4DA /* GameScene.swift in Sources */,
				7D1F12301EE7C66E00078441 /* Block.swift in Sources */,
				7D9F20CC1EF1D38A00FFEEF0 /* GKTrafficHandler.swift in Sources */,
				7D1F12321EE8272200078441 /* StatsViewController.swift in Sources */,
				7D8409411EE0BB2D0041E4DA /* MainViewController.swift in Sources */,
				7D8409391EE0BB2D0041E4DA /* AppDelegate.swift in Sources */,
			);
			runOnlyForDeploymentPostprocessing = 0;
		};
/* End PBXSourcesBuildPhase section */

/* Begin PBXVariantGroup section */
		7D8409421EE0BB2D0041E4DA /* Main.storyboard */ = {
			isa = PBXVariantGroup;
			children = (
				7D8409431EE0BB2D0041E4DA /* Base */,
			);
			name = Main.storyboard;
			sourceTree = "<group>";
		};
		7D8409471EE0BB2D0041E4DA /* LaunchScreen.storyboard */ = {
			isa = PBXVariantGroup;
			children = (
				7D8409481EE0BB2D0041E4DA /* Base */,
			);
			name = LaunchScreen.storyboard;
			sourceTree = "<group>";
		};
/* End PBXVariantGroup section */

/* Begin XCBuildConfiguration section */
		7D84094B1EE0BB2D0041E4DA /* Debug */ = {
			isa = XCBuildConfiguration;
			buildSettings = {
				ALWAYS_SEARCH_USER_PATHS = NO;
				CLANG_ANALYZER_NONNULL = YES;
				CLANG_ANALYZER_NUMBER_OBJECT_CONVERSION = YES_AGGRESSIVE;
				CLANG_CXX_LANGUAGE_STANDARD = "gnu++0x";
				CLANG_CXX_LIBRARY = "libc++";
				CLANG_ENABLE_MODULES = YES;
				CLANG_ENABLE_OBJC_ARC = YES;
				CLANG_WARN_BOOL_CONVERSION = YES;
				CLANG_WARN_CONSTANT_CONVERSION = YES;
				CLANG_WARN_DIRECT_OBJC_ISA_USAGE = YES_ERROR;
				CLANG_WARN_DOCUMENTATION_COMMENTS = YES;
				CLANG_WARN_EMPTY_BODY = YES;
				CLANG_WARN_ENUM_CONVERSION = YES;
				CLANG_WARN_INFINITE_RECURSION = YES;
				CLANG_WARN_INT_CONVERSION = YES;
				CLANG_WARN_OBJC_ROOT_CLASS = YES_ERROR;
				CLANG_WARN_SUSPICIOUS_MOVE = YES;
				CLANG_WARN_UNREACHABLE_CODE = YES;
				CLANG_WARN__DUPLICATE_METHOD_MATCH = YES;
				"CODE_SIGN_IDENTITY[sdk=iphoneos*]" = "iPhone Developer";
				COPY_PHASE_STRIP = NO;
				DEBUG_INFORMATION_FORMAT = dwarf;
				ENABLE_STRICT_OBJC_MSGSEND = YES;
				ENABLE_TESTABILITY = YES;
				GCC_C_LANGUAGE_STANDARD = gnu99;
				GCC_DYNAMIC_NO_PIC = NO;
				GCC_NO_COMMON_BLOCKS = YES;
				GCC_OPTIMIZATION_LEVEL = 0;
				GCC_PREPROCESSOR_DEFINITIONS = (
					"DEBUG=1",
					"$(inherited)",
				);
				GCC_WARN_64_TO_32_BIT_CONVERSION = YES;
				GCC_WARN_ABOUT_RETURN_TYPE = YES_ERROR;
				GCC_WARN_UNDECLARED_SELECTOR = YES;
				GCC_WARN_UNINITIALIZED_AUTOS = YES_AGGRESSIVE;
				GCC_WARN_UNUSED_FUNCTION = YES;
				GCC_WARN_UNUSED_VARIABLE = YES;
				IPHONEOS_DEPLOYMENT_TARGET = 10.3;
				MTL_ENABLE_DEBUG_INFO = YES;
				ONLY_ACTIVE_ARCH = YES;
				SDKROOT = iphoneos;
				SWIFT_ACTIVE_COMPILATION_CONDITIONS = DEBUG;
				SWIFT_OPTIMIZATION_LEVEL = "-Onone";
				TARGETED_DEVICE_FAMILY = "1,2";
			};
			name = Debug;
		};
		7D84094C1EE0BB2D0041E4DA /* Release */ = {
			isa = XCBuildConfiguration;
			buildSettings = {
				ALWAYS_SEARCH_USER_PATHS = NO;
				CLANG_ANALYZER_NONNULL = YES;
				CLANG_ANALYZER_NUMBER_OBJECT_CONVERSION = YES_AGGRESSIVE;
				CLANG_CXX_LANGUAGE_STANDARD = "gnu++0x";
				CLANG_CXX_LIBRARY = "libc++";
				CLANG_ENABLE_MODULES = YES;
				CLANG_ENABLE_OBJC_ARC = YES;
				CLANG_WARN_BOOL_CONVERSION = YES;
				CLANG_WARN_CONSTANT_CONVERSION = YES;
				CLANG_WARN_DIRECT_OBJC_ISA_USAGE = YES_ERROR;
				CLANG_WARN_DOCUMENTATION_COMMENTS = YES;
				CLANG_WARN_EMPTY_BODY = YES;
				CLANG_WARN_ENUM_CONVERSION = YES;
				CLANG_WARN_INFINITE_RECURSION = YES;
				CLANG_WARN_INT_CONVERSION = YES;
				CLANG_WARN_OBJC_ROOT_CLASS = YES_ERROR;
				CLANG_WARN_SUSPICIOUS_MOVE = YES;
				CLANG_WARN_UNREACHABLE_CODE = YES;
				CLANG_WARN__DUPLICATE_METHOD_MATCH = YES;
				"CODE_SIGN_IDENTITY[sdk=iphoneos*]" = "iPhone Developer";
				COPY_PHASE_STRIP = NO;
				DEBUG_INFORMATION_FORMAT = "dwarf-with-dsym";
				ENABLE_NS_ASSERTIONS = NO;
				ENABLE_STRICT_OBJC_MSGSEND = YES;
				GCC_C_LANGUAGE_STANDARD = gnu99;
				GCC_NO_COMMON_BLOCKS = YES;
				GCC_WARN_64_TO_32_BIT_CONVERSION = YES;
				GCC_WARN_ABOUT_RETURN_TYPE = YES_ERROR;
				GCC_WARN_UNDECLARED_SELECTOR = YES;
				GCC_WARN_UNINITIALIZED_AUTOS = YES_AGGRESSIVE;
				GCC_WARN_UNUSED_FUNCTION = YES;
				GCC_WARN_UNUSED_VARIABLE = YES;
				IPHONEOS_DEPLOYMENT_TARGET = 10.3;
				MTL_ENABLE_DEBUG_INFO = NO;
				SDKROOT = iphoneos;
				SWIFT_OPTIMIZATION_LEVEL = "-Owholemodule";
				TARGETED_DEVICE_FAMILY = "1,2";
				VALIDATE_PRODUCT = YES;
			};
			name = Release;
		};
		7D84094E1EE0BB2D0041E4DA /* Debug */ = {
			isa = XCBuildConfiguration;
			buildSettings = {
				ASSETCATALOG_COMPILER_APPICON_NAME = AppIcon;
				DEVELOPMENT_TEAM = N4MWNVQDSJ;
				FRAMEWORK_SEARCH_PATHS = (
					"$(inherited)",
					"$(PROJECT_DIR)",
				);
				INFOPLIST_FILE = "Pop Blocks/Info.plist";
				IPHONEOS_DEPLOYMENT_TARGET = 8.0;
				LD_RUNPATH_SEARCH_PATHS = "$(inherited) @executable_path/Frameworks";
				PRODUCT_BUNDLE_IDENTIFIER = com.Mazariegos.PopBlocks;
				PRODUCT_NAME = "$(TARGET_NAME)";
				SWIFT_VERSION = 3.0;
			};
			name = Debug;
		};
		7D84094F1EE0BB2D0041E4DA /* Release */ = {
			isa = XCBuildConfiguration;
			buildSettings = {
				ASSETCATALOG_COMPILER_APPICON_NAME = AppIcon;
				DEVELOPMENT_TEAM = N4MWNVQDSJ;
				FRAMEWORK_SEARCH_PATHS = (
					"$(inherited)",
					"$(PROJECT_DIR)",
				);
				INFOPLIST_FILE = "Pop Blocks/Info.plist";
				IPHONEOS_DEPLOYMENT_TARGET = 8.0;
				LD_RUNPATH_SEARCH_PATHS = "$(inherited) @executable_path/Frameworks";
				PRODUCT_BUNDLE_IDENTIFIER = com.Mazariegos.PopBlocks;
				PRODUCT_NAME = "$(TARGET_NAME)";
				SWIFT_VERSION = 3.0;
			};
			name = Release;
		};
/* End XCBuildConfiguration section */

/* Begin XCConfigurationList section */
		7D8409301EE0BB2C0041E4DA /* Build configuration list for PBXProject "Pop Blocks" */ = {
			isa = XCConfigurationList;
			buildConfigurations = (
				7D84094B1EE0BB2D0041E4DA /* Debug */,
				7D84094C1EE0BB2D0041E4DA /* Release */,
			);
			defaultConfigurationIsVisible = 0;
			defaultConfigurationName = Release;
		};
		7D84094D1EE0BB2D0041E4DA /* Build configuration list for PBXNativeTarget "Pop Blocks" */ = {
			isa = XCConfigurationList;
			buildConfigurations = (
				7D84094E1EE0BB2D0041E4DA /* Debug */,
				7D84094F1EE0BB2D0041E4DA /* Release */,
			);
			defaultConfigurationIsVisible = 0;
			defaultConfigurationName = Release;
		};
/* End XCConfigurationList section */
	};
	rootObject = 7D84092D1EE0BB2C0041E4DA /* Project object */;
}
